
Microsoft Visual Studio Solution File, Format Version 12.00
# Visual Studio Version 17
VisualStudioVersion = 17.14.36414.22 d17.14
MinimumVisualStudioVersion = 10.0.40219.1
Project("{2150E333-8FDC-42A3-9474-1A3956D46DE8}") = "Task0", "Task0", "{02EA681E-C7D8-13C7-8484-4AC65E1B71E8}"
EndProject
Project("{2150E333-8FDC-42A3-9474-1A3956D46DE8}") = "Task1", "Task1", "{6A3983E6-6930-47CE-947D-3B40187955DD}"
EndProject
Project("{2150E333-8FDC-42A3-9474-1A3956D46DE8}") = "Task2", "Task2", "{4B62B54F-2662-4DD5-BE67-857E7FA15EEC}"
EndProject
Project("{2150E333-8FDC-42A3-9474-1A3956D46DE8}") = "Task3", "Task3", "{E27ACA2E-B8F0-4D44-AC9F-D6F6E4FE5E15}"
EndProject
Project("{2150E333-8FDC-42A3-9474-1A3956D46DE8}") = "Task4", "Task4", "{B54CBD12-BED5-4175-ABE6-D88370BDCB7B}"
EndProject
Project("{2150E333-8FDC-42A3-9474-1A3956D46DE8}") = "Task5", "Task5", "{81B2B8E2-64D5-4FAB-A7C2-3AFE9E52722C}"
EndProject
Project("{2150E333-8FDC-42A3-9474-1A3956D46DE8}") = "Task6", "Task6", "{69942294-A3E0-4047-B535-720C3CB25972}"
EndProject
Project("{2150E333-8FDC-42A3-9474-1A3956D46DE8}") = "Task7", "Task7", "{131FAF1B-6857-4DD9-A6AF-812024B28B97}"
EndProject
Project("{FAE04EC0-301F-11D3-BF4B-00C04F79EFBC}") = "Tyuiu.NasadukJA.Sprint4.Task0.V30", "Tyuiu.NasadukJA.Sprint4.Task0.V30\Tyuiu.NasadukJA.Sprint4.Task0.V30.csproj", "{51B7EA4B-C83B-4A80-B56E-37F2B34F8876}"
EndProject
Project("{FAE04EC0-301F-11D3-BF4B-00C04F79EFBC}") = "Tyuiu.NasadukJA.Sprint4.Task0.V30.Lib", "Tyuiu.NasadukJA.Sprint4.Task0.V30.Lib\Tyuiu.NasadukJA.Sprint4.Task0.V30.Lib.csproj", "{8DB991EC-D1FA-47C5-992B-501C2B785E42}"
EndProject
Project("{FAE04EC0-301F-11D3-BF4B-00C04F79EFBC}") = "Tyuiu.NasadukJA.Sprint4.Task0.V30.Test", "Tyuiu.NasadukJA.Sprint4.Task0.V30.Test\Tyuiu.NasadukJA.Sprint4.Task0.V30.Test.csproj", "{C9F41A56-DB81-42CE-AD7B-A26B411C1DB2}"
EndProject
Project("{FAE04EC0-301F-11D3-BF4B-00C04F79EFBC}") = "Tyuiu.NasadukJA.Sprint4.Task1.V22.Test", "Tyuiu.NasadukJA.Sprint4.Task1.V22.Test\Tyuiu.NasadukJA.Sprint4.Task1.V22.Test.csproj", "{FDFD8B29-5030-4695-BEBD-47E20112536C}"
EndProject
Project("{FAE04EC0-301F-11D3-BF4B-00C04F79EFBC}") = "Tyuiu.NasadukJA.Sprint4.Task1.V22.Lib", "Tyuiu.NasadukJA.Sprint4.Task1.V22.Lib\Tyuiu.NasadukJA.Sprint4.Task1.V22.Lib.csproj", "{0E5461C9-4C53-441B-859A-63E4955DFA64}"
EndProject
Project("{FAE04EC0-301F-11D3-BF4B-00C04F79EFBC}") = "Tyuiu.NasadukJA.Sprint4.Task1.V22", "Tyuiu.NasadukJA.Sprint4.Task1.V22\Tyuiu.NasadukJA.Sprint4.Task1.V22.csproj", "{35A478A1-D59C-443C-AB88-F0F06121DA5B}"
EndProject
Project("{FAE04EC0-301F-11D3-BF4B-00C04F79EFBC}") = "Tyuiu.NasadukJA.Sprint4.Task2.V16", "Tyuiu.NasadukJA.Sprint4.Task2.V16\Tyuiu.NasadukJA.Sprint4.Task2.V16.csproj", "{EC351006-94D4-4472-ACC0-516B63B450A4}"
EndProject
Project("{FAE04EC0-301F-11D3-BF4B-00C04F79EFBC}") = "Tyuiu.NasadukJA.Sprint4.Task2.V16.Lib", "Tyuiu.NasadukJA.Sprint4.Task2.V16.Lib\Tyuiu.NasadukJA.Sprint4.Task2.V16.Lib.csproj", "{2E4E1528-549A-481E-9DAA-11BBBE600F1F}"
EndProject
Project("{FAE04EC0-301F-11D3-BF4B-00C04F79EFBC}") = "Tyuiu.NasadukJA.Sprint4.Task2.V16.Test", "Tyuiu.NasadukJA.Sprint4.Task2.V16.Test\Tyuiu.NasadukJA.Sprint4.Task2.V16.Test.csproj", "{2CDCCDFD-AF95-48B2-B0B6-2FC3DA21B3C0}"
EndProject
Project("{FAE04EC0-301F-11D3-BF4B-00C04F79EFBC}") = "Tyuiu.NasadukJA.Sprint4.Task3.V29.Test", "Tyuiu.NasadukJA.Sprint4.Task3.V29.Test\Tyuiu.NasadukJA.Sprint4.Task3.V29.Test.csproj", "{4D6B144B-1FF5-458C-A973-0E74E33D43B3}"
EndProject
Project("{FAE04EC0-301F-11D3-BF4B-00C04F79EFBC}") = "Tyuiu.NasadukJA.Sprint4.Task3.V29.Lib", "Tyuiu.NasadukJA.Sprint4.Task3.V29.Lib\Tyuiu.NasadukJA.Sprint4.Task3.V29.Lib.csproj", "{AA983C59-3B75-4472-8B19-F0D96F06EC88}"
EndProject
Project("{FAE04EC0-301F-11D3-BF4B-00C04F79EFBC}") = "Tyuiu.NasadukJA.Sprint4.Task3.V29", "Tyuiu.NasadukJA.Sprint4.Task3.V29\Tyuiu.NasadukJA.Sprint4.Task3.V29.csproj", "{92C2789B-B208-41AB-B454-EE5078E4D815}"
EndProject
Project("{FAE04EC0-301F-11D3-BF4B-00C04F79EFBC}") = "Tyuiu.NasadukJA.Sprint4.Task4.V28", "Tyuiu.NasadukJA.Sprint4.Task4.V28\Tyuiu.NasadukJA.Sprint4.Task4.V28.csproj", "{DCA68388-705C-4ECD-94F9-8B23A759878C}"
EndProject
Project("{FAE04EC0-301F-11D3-BF4B-00C04F79EFBC}") = "Tyuiu.NasadukJA.Sprint4.Task4.V28.Lib", "Tyuiu.NasadukJA.Sprint4.Task4.V28.Lib\Tyuiu.NasadukJA.Sprint4.Task4.V28.Lib.csproj", "{3EBD5045-4F3F-4B9E-8239-A21278B6BB8C}"
EndProject
Project("{FAE04EC0-301F-11D3-BF4B-00C04F79EFBC}") = "Tyuiu.NasadukJA.Sprint4.Task4.V28.Test", "Tyuiu.NasadukJA.Sprint4.Task4.V28.Test\Tyuiu.NasadukJA.Sprint4.Task4.V28.Test.csproj", "{782DEC2D-EDDB-4E5E-A290-6449E489F657}"
EndProject
Project("{FAE04EC0-301F-11D3-BF4B-00C04F79EFBC}") = "Tyuiu.NasadukJA.Sprint4.Task5.V23.Test", "Tyuiu.NasadukJA.Sprint4.Task5.V23.Test\Tyuiu.NasadukJA.Sprint4.Task5.V23.Test.csproj", "{FE5CA332-DCA2-4BF0-A6A9-266E4812ED42}"
EndProject
Project("{FAE04EC0-301F-11D3-BF4B-00C04F79EFBC}") = "Tyuiu.NasadukJA.Sprint4.Task5.V23.Lib", "Tyuiu.NasadukJA.Sprint4.Task5.V23.Lib\Tyuiu.NasadukJA.Sprint4.Task5.V23.Lib.csproj", "{2A0DF22C-009F-483D-8B93-69A1D117F3E2}"
EndProject
Project("{FAE04EC0-301F-11D3-BF4B-00C04F79EFBC}") = "Tyuiu.NasadukJA.Sprint4.Task5.V23", "Tyuiu.NasadukJA.Sprint4.Task5.V23\Tyuiu.NasadukJA.Sprint4.Task5.V23.csproj", "{22BEF5BC-6EC6-4E93-B3C2-0D8F6DE00D8C}"
EndProject
Project("{FAE04EC0-301F-11D3-BF4B-00C04F79EFBC}") = "Tyuiu.NasadukJA.Sprint4.Task6.V15", "Tyuiu.NasadukJA.Sprint4.Task6.V15\Tyuiu.NasadukJA.Sprint4.Task6.V15.csproj", "{5B54E47E-33BE-4F76-BDBA-8C38DC9FF266}"
EndProject
Project("{FAE04EC0-301F-11D3-BF4B-00C04F79EFBC}") = "Tyuiu.NasadukJA.Sprint4.Task6.V15.Lib", "Tyuiu.NasadukJA.Sprint4.Task6.V15.Lib\Tyuiu.NasadukJA.Sprint4.Task6.V15.Lib.csproj", "{1B91FF6E-2226-4DF9-876C-A35E1D969E3D}"
EndProject
Project("{FAE04EC0-301F-11D3-BF4B-00C04F79EFBC}") = "Tyuiu.NasadukJA.Sprint4.Task6.V15.Test", "Tyuiu.NasadukJA.Sprint4.Task6.V15.Test\Tyuiu.NasadukJA.Sprint4.Task6.V15.Test.csproj", "{AD314F6C-621D-4B01-8CFA-116F6996C650}"
EndProject
Project("{FAE04EC0-301F-11D3-BF4B-00C04F79EFBC}") = "Tyuiu.NasadukJA.Sprint4.Task7.V30.Test", "Tyuiu.NasadukJA.Sprint4.Task7.V30.Test\Tyuiu.NasadukJA.Sprint4.Task7.V30.Test.csproj", "{0B83892B-63DE-4FA9-8692-A52744477BFB}"
EndProject
Project("{FAE04EC0-301F-11D3-BF4B-00C04F79EFBC}") = "Tyuiu.NasadukJA.Sprint4.Task7.V30.Lib", "Tyuiu.NasadukJA.Sprint4.Task7.V30.Lib\Tyuiu.NasadukJA.Sprint4.Task7.V30.Lib.csproj", "{7F448D18-2EBB-4BD1-B115-684EB0134DB0}"
EndProject
Project("{FAE04EC0-301F-11D3-BF4B-00C04F79EFBC}") = "Tyuiu.NasadukJA.Sprint4.Task7.V30", "Tyuiu.NasadukJA.Sprint4.Task7.V30\Tyuiu.NasadukJA.Sprint4.Task7.V30.csproj", "{ED30FEB5-DE76-486E-B1E6-8D2EDEFCCD55}"
EndProject
Global
	GlobalSection(SolutionConfigurationPlatforms) = preSolution
		Debug|Any CPU = Debug|Any CPU
		Release|Any CPU = Release|Any CPU
	EndGlobalSection
	GlobalSection(ProjectConfigurationPlatforms) = postSolution
		{51B7EA4B-C83B-4A80-B56E-37F2B34F8876}.Debug|Any CPU.ActiveCfg = Debug|Any CPU
		{51B7EA4B-C83B-4A80-B56E-37F2B34F8876}.Debug|Any CPU.Build.0 = Debug|Any CPU
		{51B7EA4B-C83B-4A80-B56E-37F2B34F8876}.Release|Any CPU.ActiveCfg = Release|Any CPU
		{51B7EA4B-C83B-4A80-B56E-37F2B34F8876}.Release|Any CPU.Build.0 = Release|Any CPU
		{8DB991EC-D1FA-47C5-992B-501C2B785E42}.Debug|Any CPU.ActiveCfg = Debug|Any CPU
		{8DB991EC-D1FA-47C5-992B-501C2B785E42}.Debug|Any CPU.Build.0 = Debug|Any CPU
		{8DB991EC-D1FA-47C5-992B-501C2B785E42}.Release|Any CPU.ActiveCfg = Release|Any CPU
		{8DB991EC-D1FA-47C5-992B-501C2B785E42}.Release|Any CPU.Build.0 = Release|Any CPU
		{C9F41A56-DB81-42CE-AD7B-A26B411C1DB2}.Debug|Any CPU.ActiveCfg = Debug|Any CPU
		{C9F41A56-DB81-42CE-AD7B-A26B411C1DB2}.Debug|Any CPU.Build.0 = Debug|Any CPU
		{C9F41A56-DB81-42CE-AD7B-A26B411C1DB2}.Release|Any CPU.ActiveCfg = Release|Any CPU
		{C9F41A56-DB81-42CE-AD7B-A26B411C1DB2}.Release|Any CPU.Build.0 = Release|Any CPU
		{FDFD8B29-5030-4695-BEBD-47E20112536C}.Debug|Any CPU.ActiveCfg = Debug|Any CPU
		{FDFD8B29-5030-4695-BEBD-47E20112536C}.Debug|Any CPU.Build.0 = Debug|Any CPU
		{FDFD8B29-5030-4695-BEBD-47E20112536C}.Release|Any CPU.ActiveCfg = Release|Any CPU
		{FDFD8B29-5030-4695-BEBD-47E20112536C}.Release|Any CPU.Build.0 = Release|Any CPU
		{0E5461C9-4C53-441B-859A-63E4955DFA64}.Debug|Any CPU.ActiveCfg = Debug|Any CPU
		{0E5461C9-4C53-441B-859A-63E4955DFA64}.Debug|Any CPU.Build.0 = Debug|Any CPU
		{0E5461C9-4C53-441B-859A-63E4955DFA64}.Release|Any CPU.ActiveCfg = Release|Any CPU
		{0E5461C9-4C53-441B-859A-63E4955DFA64}.Release|Any CPU.Build.0 = Release|Any CPU
		{35A478A1-D59C-443C-AB88-F0F06121DA5B}.Debug|Any CPU.ActiveCfg = Debug|Any CPU
		{35A478A1-D59C-443C-AB88-F0F06121DA5B}.Debug|Any CPU.Build.0 = Debug|Any CPU
		{35A478A1-D59C-443C-AB88-F0F06121DA5B}.Release|Any CPU.ActiveCfg = Release|Any CPU
		{35A478A1-D59C-443C-AB88-F0F06121DA5B}.Release|Any CPU.Build.0 = Release|Any CPU
		{EC351006-94D4-4472-ACC0-516B63B450A4}.Debug|Any CPU.ActiveCfg = Debug|Any CPU
		{EC351006-94D4-4472-ACC0-516B63B450A4}.Debug|Any CPU.Build.0 = Debug|Any CPU
		{EC351006-94D4-4472-ACC0-516B63B450A4}.Release|Any CPU.ActiveCfg = Release|Any CPU
		{EC351006-94D4-4472-ACC0-516B63B450A4}.Release|Any CPU.Build.0 = Release|Any CPU
		{2E4E1528-549A-481E-9DAA-11BBBE600F1F}.Debug|Any CPU.ActiveCfg = Debug|Any CPU
		{2E4E1528-549A-481E-9DAA-11BBBE600F1F}.Debug|Any CPU.Build.0 = Debug|Any CPU
		{2E4E1528-549A-481E-9DAA-11BBBE600F1F}.Release|Any CPU.ActiveCfg = Release|Any CPU
		{2E4E1528-549A-481E-9DAA-11BBBE600F1F}.Release|Any CPU.Build.0 = Release|Any CPU
		{2CDCCDFD-AF95-48B2-B0B6-2FC3DA21B3C0}.Debug|Any CPU.ActiveCfg = Debug|Any CPU
		{2CDCCDFD-AF95-48B2-B0B6-2FC3DA21B3C0}.Debug|Any CPU.Build.0 = Debug|Any CPU
		{2CDCCDFD-AF95-48B2-B0B6-2FC3DA21B3C0}.Release|Any CPU.ActiveCfg = Release|Any CPU
		{2CDCCDFD-AF95-48B2-B0B6-2FC3DA21B3C0}.Release|Any CPU.Build.0 = Release|Any CPU
		{4D6B144B-1FF5-458C-A973-0E74E33D43B3}.Debug|Any CPU.ActiveCfg = Debug|Any CPU
		{4D6B144B-1FF5-458C-A973-0E74E33D43B3}.Debug|Any CPU.Build.0 = Debug|Any CPU
		{4D6B144B-1FF5-458C-A973-0E74E33D43B3}.Release|Any CPU.ActiveCfg = Release|Any CPU
		{4D6B144B-1FF5-458C-A973-0E74E33D43B3}.Release|Any CPU.Build.0 = Release|Any CPU
		{AA983C59-3B75-4472-8B19-F0D96F06EC88}.Debug|Any CPU.ActiveCfg = Debug|Any CPU
		{AA983C59-3B75-4472-8B19-F0D96F06EC88}.Debug|Any CPU.Build.0 = Debug|Any CPU
		{AA983C59-3B75-4472-8B19-F0D96F06EC88}.Release|Any CPU.ActiveCfg = Release|Any CPU
		{AA983C59-3B75-4472-8B19-F0D96F06EC88}.Release|Any CPU.Build.0 = Release|Any CPU
		{92C2789B-B208-41AB-B454-EE5078E4D815}.Debug|Any CPU.ActiveCfg = Debug|Any CPU
		{92C2789B-B208-41AB-B454-EE5078E4D815}.Debug|Any CPU.Build.0 = Debug|Any CPU
		{92C2789B-B208-41AB-B454-EE5078E4D815}.Release|Any CPU.ActiveCfg = Release|Any CPU
		{92C2789B-B208-41AB-B454-EE5078E4D815}.Release|Any CPU.Build.0 = Release|Any CPU
		{DCA68388-705C-4ECD-94F9-8B23A759878C}.Debug|Any CPU.ActiveCfg = Debug|Any CPU
		{DCA68388-705C-4ECD-94F9-8B23A759878C}.Debug|Any CPU.Build.0 = Debug|Any CPU
		{DCA68388-705C-4ECD-94F9-8B23A759878C}.Release|Any CPU.ActiveCfg = Release|Any CPU
		{DCA68388-705C-4ECD-94F9-8B23A759878C}.Release|Any CPU.Build.0 = Release|Any CPU
		{3EBD5045-4F3F-4B9E-8239-A21278B6BB8C}.Debug|Any CPU.ActiveCfg = Debug|Any CPU
		{3EBD5045-4F3F-4B9E-8239-A21278B6BB8C}.Debug|Any CPU.Build.0 = Debug|Any CPU
		{3EBD5045-4F3F-4B9E-8239-A21278B6BB8C}.Release|Any CPU.ActiveCfg = Release|Any CPU
		{3EBD5045-4F3F-4B9E-8239-A21278B6BB8C}.Release|Any CPU.Build.0 = Release|Any CPU
		{782DEC2D-EDDB-4E5E-A290-6449E489F657}.Debug|Any CPU.ActiveCfg = Debug|Any CPU
		{782DEC2D-EDDB-4E5E-A290-6449E489F657}.Debug|Any CPU.Build.0 = Debug|Any CPU
		{782DEC2D-EDDB-4E5E-A290-6449E489F657}.Release|Any CPU.ActiveCfg = Release|Any CPU
		{782DEC2D-EDDB-4E5E-A290-6449E489F657}.Release|Any CPU.Build.0 = Release|Any CPU
		{FE5CA332-DCA2-4BF0-A6A9-266E4812ED42}.Debug|Any CPU.ActiveCfg = Debug|Any CPU
		{FE5CA332-DCA2-4BF0-A6A9-266E4812ED42}.Debug|Any CPU.Build.0 = Debug|Any CPU
		{FE5CA332-DCA2-4BF0-A6A9-266E4812ED42}.Release|Any CPU.ActiveCfg = Release|Any CPU
		{FE5CA332-DCA2-4BF0-A6A9-266E4812ED42}.Release|Any CPU.Build.0 = Release|Any CPU
		{2A0DF22C-009F-483D-8B93-69A1D117F3E2}.Debug|Any CPU.ActiveCfg = Debug|Any CPU
		{2A0DF22C-009F-483D-8B93-69A1D117F3E2}.Debug|Any CPU.Build.0 = Debug|Any CPU
		{2A0DF22C-009F-483D-8B93-69A1D117F3E2}.Release|Any CPU.ActiveCfg = Release|Any CPU
		{2A0DF22C-009F-483D-8B93-69A1D117F3E2}.Release|Any CPU.Build.0 = Release|Any CPU
		{22BEF5BC-6EC6-4E93-B3C2-0D8F6DE00D8C}.Debug|Any CPU.ActiveCfg = Debug|Any CPU
		{22BEF5BC-6EC6-4E93-B3C2-0D8F6DE00D8C}.Debug|Any CPU.Build.0 = Debug|Any CPU
		{22BEF5BC-6EC6-4E93-B3C2-0D8F6DE00D8C}.Release|Any CPU.ActiveCfg = Release|Any CPU
		{22BEF5BC-6EC6-4E93-B3C2-0D8F6DE00D8C}.Release|Any CPU.Build.0 = Release|Any CPU
		{5B54E47E-33BE-4F76-BDBA-8C38DC9FF266}.Debug|Any CPU.ActiveCfg = Debug|Any CPU
		{5B54E47E-33BE-4F76-BDBA-8C38DC9FF266}.Debug|Any CPU.Build.0 = Debug|Any CPU
		{5B54E47E-33BE-4F76-BDBA-8C38DC9FF266}.Release|Any CPU.ActiveCfg = Release|Any CPU
		{5B54E47E-33BE-4F76-BDBA-8C38DC9FF266}.Release|Any CPU.Build.0 = Release|Any CPU
		{1B91FF6E-2226-4DF9-876C-A35E1D969E3D}.Debug|Any CPU.ActiveCfg = Debug|Any CPU
		{1B91FF6E-2226-4DF9-876C-A35E1D969E3D}.Debug|Any CPU.Build.0 = Debug|Any CPU
		{1B91FF6E-2226-4DF9-876C-A35E1D969E3D}.Release|Any CPU.ActiveCfg = Release|Any CPU
		{1B91FF6E-2226-4DF9-876C-A35E1D969E3D}.Release|Any CPU.Build.0 = Release|Any CPU
		{AD314F6C-621D-4B01-8CFA-116F6996C650}.Debug|Any CPU.ActiveCfg = Debug|Any CPU
		{AD314F6C-621D-4B01-8CFA-116F6996C650}.Debug|Any CPU.Build.0 = Debug|Any CPU
		{AD314F6C-621D-4B01-8CFA-116F6996C650}.Release|Any CPU.ActiveCfg = Release|Any CPU
		{AD314F6C-621D-4B01-8CFA-116F6996C650}.Release|Any CPU.Build.0 = Release|Any CPU
		{0B83892B-63DE-4FA9-8692-A52744477BFB}.Debug|Any CPU.ActiveCfg = Debug|Any CPU
		{0B83892B-63DE-4FA9-8692-A52744477BFB}.Debug|Any CPU.Build.0 = Debug|Any CPU
		{0B83892B-63DE-4FA9-8692-A52744477BFB}.Release|Any CPU.ActiveCfg = Release|Any CPU
		{0B83892B-63DE-4FA9-8692-A52744477BFB}.Release|Any CPU.Build.0 = Release|Any CPU
		{7F448D18-2EBB-4BD1-B115-684EB0134DB0}.Debug|Any CPU.ActiveCfg = Debug|Any CPU
		{7F448D18-2EBB-4BD1-B115-684EB0134DB0}.Debug|Any CPU.Build.0 = Debug|Any CPU
		{7F448D18-2EBB-4BD1-B115-684EB0134DB0}.Release|Any CPU.ActiveCfg = Release|Any CPU
		{7F448D18-2EBB-4BD1-B115-684EB0134DB0}.Release|Any CPU.Build.0 = Release|Any CPU
		{ED30FEB5-DE76-486E-B1E6-8D2EDEFCCD55}.Debug|Any CPU.ActiveCfg = Debug|Any CPU
		{ED30FEB5-DE76-486E-B1E6-8D2EDEFCCD55}.Debug|Any CPU.Build.0 = Debug|Any CPU
		{ED30FEB5-DE76-486E-B1E6-8D2EDEFCCD55}.Release|Any CPU.ActiveCfg = Release|Any CPU
		{ED30FEB5-DE76-486E-B1E6-8D2EDEFCCD55}.Release|Any CPU.Build.0 = Release|Any CPU
	EndGlobalSection
	GlobalSection(SolutionProperties) = preSolution
		HideSolutionNode = FALSE
	EndGlobalSection
	GlobalSection(NestedProjects) = preSolution
		{51B7EA4B-C83B-4A80-B56E-37F2B34F8876} = {02EA681E-C7D8-13C7-8484-4AC65E1B71E8}
		{8DB991EC-D1FA-47C5-992B-501C2B785E42} = {02EA681E-C7D8-13C7-8484-4AC65E1B71E8}
		{C9F41A56-DB81-42CE-AD7B-A26B411C1DB2} = {02EA681E-C7D8-13C7-8484-4AC65E1B71E8}
		{FDFD8B29-5030-4695-BEBD-47E20112536C} = {6A3983E6-6930-47CE-947D-3B40187955DD}
		{0E5461C9-4C53-441B-859A-63E4955DFA64} = {6A3983E6-6930-47CE-947D-3B40187955DD}
		{35A478A1-D59C-443C-AB88-F0F06121DA5B} = {6A3983E6-6930-47CE-947D-3B40187955DD}
		{EC351006-94D4-4472-ACC0-516B63B450A4} = {4B62B54F-2662-4DD5-BE67-857E7FA15EEC}
		{2E4E1528-549A-481E-9DAA-11BBBE600F1F} = {4B62B54F-2662-4DD5-BE67-857E7FA15EEC}
		{2CDCCDFD-AF95-48B2-B0B6-2FC3DA21B3C0} = {4B62B54F-2662-4DD5-BE67-857E7FA15EEC}
		{4D6B144B-1FF5-458C-A973-0E74E33D43B3} = {E27ACA2E-B8F0-4D44-AC9F-D6F6E4FE5E15}
		{AA983C59-3B75-4472-8B19-F0D96F06EC88} = {E27ACA2E-B8F0-4D44-AC9F-D6F6E4FE5E15}
		{92C2789B-B208-41AB-B454-EE5078E4D815} = {E27ACA2E-B8F0-4D44-AC9F-D6F6E4FE5E15}
		{DCA68388-705C-4ECD-94F9-8B23A759878C} = {B54CBD12-BED5-4175-ABE6-D88370BDCB7B}
		{3EBD5045-4F3F-4B9E-8239-A21278B6BB8C} = {B54CBD12-BED5-4175-ABE6-D88370BDCB7B}
		{782DEC2D-EDDB-4E5E-A290-6449E489F657} = {B54CBD12-BED5-4175-ABE6-D88370BDCB7B}
		{FE5CA332-DCA2-4BF0-A6A9-266E4812ED42} = {81B2B8E2-64D5-4FAB-A7C2-3AFE9E52722C}
		{2A0DF22C-009F-483D-8B93-69A1D117F3E2} = {81B2B8E2-64D5-4FAB-A7C2-3AFE9E52722C}
		{22BEF5BC-6EC6-4E93-B3C2-0D8F6DE00D8C} = {81B2B8E2-64D5-4FAB-A7C2-3AFE9E52722C}
		{5B54E47E-33BE-4F76-BDBA-8C38DC9FF266} = {69942294-A3E0-4047-B535-720C3CB25972}
		{1B91FF6E-2226-4DF9-876C-A35E1D969E3D} = {69942294-A3E0-4047-B535-720C3CB25972}
		{AD314F6C-621D-4B01-8CFA-116F6996C650} = {69942294-A3E0-4047-B535-720C3CB25972}
		{0B83892B-63DE-4FA9-8692-A52744477BFB} = {131FAF1B-6857-4DD9-A6AF-812024B28B97}
		{7F448D18-2EBB-4BD1-B115-684EB0134DB0} = {131FAF1B-6857-4DD9-A6AF-812024B28B97}
		{ED30FEB5-DE76-486E-B1E6-8D2EDEFCCD55} = {131FAF1B-6857-4DD9-A6AF-812024B28B97}
	EndGlobalSection
	GlobalSection(ExtensibilityGlobals) = postSolution
		SolutionGuid = {220CB7CA-18B5-4DDE-9A18-B7DA2B2AB4AD}
	EndGlobalSection
EndGlobal
